// !$*UTF8*$!
{
	archiveVersion = 1;
	classes = {
	};
	objectVersion = 48;
	objects = {

/* Begin PBXBuildFile section */
		B738BD251F3AE0AF00C44497 /* AppDelegate.swift in Sources */ = {isa = PBXBuildFile; fileRef = B738BD241F3AE0AF00C44497 /* AppDelegate.swift */; };
		B738BD271F3AE0AF00C44497 /* ViewController.swift in Sources */ = {isa = PBXBuildFile; fileRef = B738BD261F3AE0AF00C44497 /* ViewController.swift */; };
		B738BD2A1F3AE0AF00C44497 /* Main.storyboard in Resources */ = {isa = PBXBuildFile; fileRef = B738BD281F3AE0AF00C44497 /* Main.storyboard */; };
		B738BD2C1F3AE0AF00C44497 /* Assets.xcassets in Resources */ = {isa = PBXBuildFile; fileRef = B738BD2B1F3AE0AF00C44497 /* Assets.xcassets */; };
		B738BD2F1F3AE0AF00C44497 /* LaunchScreen.storyboard in Resources */ = {isa = PBXBuildFile; fileRef = B738BD2D1F3AE0AF00C44497 /* LaunchScreen.storyboard */; };
		B738BD371F3AE0E800C44497 /* CoreDataStack.swift in Sources */ = {isa = PBXBuildFile; fileRef = B738BD361F3AE0E800C44497 /* CoreDataStack.swift */; };
		B738BD3A1F3AE1C900C44497 /* BubbleTea.xcdatamodeld in Sources */ = {isa = PBXBuildFile; fileRef = B738BD381F3AE1C900C44497 /* BubbleTea.xcdatamodeld */; };
		B738BD461F3AE37700C44497 /* Location+CoreDataClass.swift in Sources */ = {isa = PBXBuildFile; fileRef = B738BD3C1F3AE37700C44497 /* Location+CoreDataClass.swift */; };
		B738BD471F3AE37700C44497 /* Location+CoreDataProperties.swift in Sources */ = {isa = PBXBuildFile; fileRef = B738BD3D1F3AE37700C44497 /* Location+CoreDataProperties.swift */; };
		B738BD481F3AE37700C44497 /* Category+CoreDataClass.swift in Sources */ = {isa = PBXBuildFile; fileRef = B738BD3E1F3AE37700C44497 /* Category+CoreDataClass.swift */; };
		B738BD491F3AE37700C44497 /* Category+CoreDataProperties.swift in Sources */ = {isa = PBXBuildFile; fileRef = B738BD3F1F3AE37700C44497 /* Category+CoreDataProperties.swift */; };
		B738BD4A1F3AE37700C44497 /* PriceInfo+CoreDataClass.swift in Sources */ = {isa = PBXBuildFile; fileRef = B738BD401F3AE37700C44497 /* PriceInfo+CoreDataClass.swift */; };
		B738BD4B1F3AE37700C44497 /* PriceInfo+CoreDataProperties.swift in Sources */ = {isa = PBXBuildFile; fileRef = B738BD411F3AE37700C44497 /* PriceInfo+CoreDataProperties.swift */; };
		B738BD4C1F3AE37700C44497 /* Stats+CoreDataClass.swift in Sources */ = {isa = PBXBuildFile; fileRef = B738BD421F3AE37700C44497 /* Stats+CoreDataClass.swift */; };
		B738BD4D1F3AE37700C44497 /* Stats+CoreDataProperties.swift in Sources */ = {isa = PBXBuildFile; fileRef = B738BD431F3AE37700C44497 /* Stats+CoreDataProperties.swift */; };
		B738BD4E1F3AE37700C44497 /* Venue+CoreDataClass.swift in Sources */ = {isa = PBXBuildFile; fileRef = B738BD441F3AE37700C44497 /* Venue+CoreDataClass.swift */; };
		B738BD4F1F3AE37700C44497 /* Venue+CoreDataProperties.swift in Sources */ = {isa = PBXBuildFile; fileRef = B738BD451F3AE37700C44497 /* Venue+CoreDataProperties.swift */; };
		B7A9A4371F3AE491009FDF60 /* seed.json in Resources */ = {isa = PBXBuildFile; fileRef = B7A9A4361F3AE491009FDF60 /* seed.json */; };
		B7A9A4391F3AF3DF009FDF60 /* FilterViewController.swift in Sources */ = {isa = PBXBuildFile; fileRef = B7A9A4381F3AF3DF009FDF60 /* FilterViewController.swift */; };
/* End PBXBuildFile section */

/* Begin PBXFileReference section */
		B738BD211F3AE0AF00C44497 /* BubbleTea.app */ = {isa = PBXFileReference; explicitFileType = wrapper.application; includeInIndex = 0; path = BubbleTea.app; sourceTree = BUILT_PRODUCTS_DIR; };
		B738BD241F3AE0AF00C44497 /* AppDelegate.swift */ = {isa = PBXFileReference; lastKnownFileType = sourcecode.swift; path = AppDelegate.swift; sourceTree = "<group>"; };
		B738BD261F3AE0AF00C44497 /* ViewController.swift */ = {isa = PBXFileReference; lastKnownFileType = sourcecode.swift; path = ViewController.swift; sourceTree = "<group>"; };
		B738BD291F3AE0AF00C44497 /* Base */ = {isa = PBXFileReference; lastKnownFileType = file.storyboard; name = Base; path = Base.lproj/Main.storyboard; sourceTree = "<group>"; };
		B738BD2B1F3AE0AF00C44497 /* Assets.xcassets */ = {isa = PBXFileReference; lastKnownFileType = folder.assetcatalog; path = Assets.xcassets; sourceTree = "<group>"; };
		B738BD2E1F3AE0AF00C44497 /* Base */ = {isa = PBXFileReference; lastKnownFileType = file.storyboard; name = Base; path = Base.lproj/LaunchScreen.storyboard; sourceTree = "<group>"; };
		B738BD301F3AE0AF00C44497 /* Info.plist */ = {isa = PBXFileReference; lastKnownFileType = text.plist.xml; path = Info.plist; sourceTree = "<group>"; };
		B738BD361F3AE0E800C44497 /* CoreDataStack.swift */ = {isa = PBXFileReference; lastKnownFileType = sourcecode.swift; path = CoreDataStack.swift; sourceTree = "<group>"; };
		B738BD391F3AE1C900C44497 /* BubbleTea.xcdatamodel */ = {isa = PBXFileReference; lastKnownFileType = wrapper.xcdatamodel; path = BubbleTea.xcdatamodel; sourceTree = "<group>"; };
		B738BD3C1F3AE37700C44497 /* Location+CoreDataClass.swift */ = {isa = PBXFileReference; lastKnownFileType = sourcecode.swift; path = "Location+CoreDataClass.swift"; sourceTree = "<group>"; };
		B738BD3D1F3AE37700C44497 /* Location+CoreDataProperties.swift */ = {isa = PBXFileReference; lastKnownFileType = sourcecode.swift; path = "Location+CoreDataProperties.swift"; sourceTree = "<group>"; };
		B738BD3E1F3AE37700C44497 /* Category+CoreDataClass.swift */ = {isa = PBXFileReference; lastKnownFileType = sourcecode.swift; path = "Category+CoreDataClass.swift"; sourceTree = "<group>"; };
		B738BD3F1F3AE37700C44497 /* Category+CoreDataProperties.swift */ = {isa = PBXFileReference; lastKnownFileType = sourcecode.swift; path = "Category+CoreDataProperties.swift"; sourceTree = "<group>"; };
		B738BD401F3AE37700C44497 /* PriceInfo+CoreDataClass.swift */ = {isa = PBXFileReference; lastKnownFileType = sourcecode.swift; path = "PriceInfo+CoreDataClass.swift"; sourceTree = "<group>"; };
		B738BD411F3AE37700C44497 /* PriceInfo+CoreDataProperties.swift */ = {isa = PBXFileReference; lastKnownFileType = sourcecode.swift; path = "PriceInfo+CoreDataProperties.swift"; sourceTree = "<group>"; };
		B738BD421F3AE37700C44497 /* Stats+CoreDataClass.swift */ = {isa = PBXFileReference; lastKnownFileType = sourcecode.swift; path = "Stats+CoreDataClass.swift"; sourceTree = "<group>"; };
		B738BD431F3AE37700C44497 /* Stats+CoreDataProperties.swift */ = {isa = PBXFileReference; lastKnownFileType = sourcecode.swift; path = "Stats+CoreDataProperties.swift"; sourceTree = "<group>"; };
		B738BD441F3AE37700C44497 /* Venue+CoreDataClass.swift */ = {isa = PBXFileReference; lastKnownFileType = sourcecode.swift; path = "Venue+CoreDataClass.swift"; sourceTree = "<group>"; };
		B738BD451F3AE37700C44497 /* Venue+CoreDataProperties.swift */ = {isa = PBXFileReference; lastKnownFileType = sourcecode.swift; path = "Venue+CoreDataProperties.swift"; sourceTree = "<group>"; };
		B7A9A4361F3AE491009FDF60 /* seed.json */ = {isa = PBXFileReference; fileEncoding = 4; lastKnownFileType = text.json; path = seed.json; sourceTree = "<group>"; };
		B7A9A4381F3AF3DF009FDF60 /* FilterViewController.swift */ = {isa = PBXFileReference; lastKnownFileType = sourcecode.swift; path = FilterViewController.swift; sourceTree = "<group>"; };
/* End PBXFileReference section */

/* Begin PBXFrameworksBuildPhase section */
		B738BD1E1F3AE0AF00C44497 /* Frameworks */ = {
			isa = PBXFrameworksBuildPhase;
			buildActionMask = 2147483647;
			files = (
			);
			runOnlyForDeploymentPostprocessing = 0;
		};
/* End PBXFrameworksBuildPhase section */

/* Begin PBXGroup section */
		B738BD181F3AE0AE00C44497 = {
			isa = PBXGroup;
			children = (
				B738BD231F3AE0AF00C44497 /* BubbleTea */,
				B738BD221F3AE0AF00C44497 /* Products */,
			);
			sourceTree = "<group>";
		};
		B738BD221F3AE0AF00C44497 /* Products */ = {
			isa = PBXGroup;
			children = (
				B738BD211F3AE0AF00C44497 /* BubbleTea.app */,
			);
			name = Products;
			sourceTree = "<group>";
		};
		B738BD231F3AE0AF00C44497 /* BubbleTea */ = {
			isa = PBXGroup;
			children = (
				B7A9A4361F3AE491009FDF60 /* seed.json */,
				B738BD3B1F3AE36700C44497 /* NSManagedContext */,
				B738BD241F3AE0AF00C44497 /* AppDelegate.swift */,
				B738BD261F3AE0AF00C44497 /* ViewController.swift */,
				B7A9A4381F3AF3DF009FDF60 /* FilterViewController.swift */,
				B738BD281F3AE0AF00C44497 /* Main.storyboard */,
				B738BD2B1F3AE0AF00C44497 /* Assets.xcassets */,
				B738BD2D1F3AE0AF00C44497 /* LaunchScreen.storyboard */,
				B738BD301F3AE0AF00C44497 /* Info.plist */,
				B738BD361F3AE0E800C44497 /* CoreDataStack.swift */,
				B738BD381F3AE1C900C44497 /* BubbleTea.xcdatamodeld */,
			);
			path = BubbleTea;
			sourceTree = "<group>";
		};
		B738BD3B1F3AE36700C44497 /* NSManagedContext */ = {
			isa = PBXGroup;
			children = (
				B738BD3C1F3AE37700C44497 /* Location+CoreDataClass.swift */,
				B738BD3D1F3AE37700C44497 /* Location+CoreDataProperties.swift */,
				B738BD3E1F3AE37700C44497 /* Category+CoreDataClass.swift */,
				B738BD3F1F3AE37700C44497 /* Category+CoreDataProperties.swift */,
				B738BD401F3AE37700C44497 /* PriceInfo+CoreDataClass.swift */,
				B738BD411F3AE37700C44497 /* PriceInfo+CoreDataProperties.swift */,
				B738BD421F3AE37700C44497 /* Stats+CoreDataClass.swift */,
				B738BD431F3AE37700C44497 /* Stats+CoreDataProperties.swift */,
				B738BD441F3AE37700C44497 /* Venue+CoreDataClass.swift */,
				B738BD451F3AE37700C44497 /* Venue+CoreDataProperties.swift */,
			);
			path = NSManagedContext;
			sourceTree = "<group>";
		};
/* End PBXGroup section */

/* Begin PBXNativeTarget section */
		B738BD201F3AE0AF00C44497 /* BubbleTea */ = {
			isa = PBXNativeTarget;
			buildConfigurationList = B738BD331F3AE0AF00C44497 /* Build configuration list for PBXNativeTarget "BubbleTea" */;
			buildPhases = (
				B738BD1D1F3AE0AF00C44497 /* Sources */,
				B738BD1E1F3AE0AF00C44497 /* Frameworks */,
				B738BD1F1F3AE0AF00C44497 /* Resources */,
			);
			buildRules = (
			);
			dependencies = (
			);
			name = BubbleTea;
			productName = BubbleTea;
			productReference = B738BD211F3AE0AF00C44497 /* BubbleTea.app */;
			productType = "com.apple.product-type.application";
		};
/* End PBXNativeTarget section */

/* Begin PBXProject section */
		B738BD191F3AE0AE00C44497 /* Project object */ = {
			isa = PBXProject;
			attributes = {
				LastSwiftUpdateCheck = 0900;
				LastUpgradeCheck = 0900;
				ORGANIZATIONNAME = "Fomin Mykola";
				TargetAttributes = {
					B738BD201F3AE0AF00C44497 = {
						CreatedOnToolsVersion = 9.0;
					};
				};
			};
			buildConfigurationList = B738BD1C1F3AE0AE00C44497 /* Build configuration list for PBXProject "BubbleTea" */;
			compatibilityVersion = "Xcode 8.0";
			developmentRegion = en;
			hasScannedForEncodings = 0;
			knownRegions = (
				en,
				Base,
			);
			mainGroup = B738BD181F3AE0AE00C44497;
			productRefGroup = B738BD221F3AE0AF00C44497 /* Products */;
			projectDirPath = "";
			projectRoot = "";
			targets = (
				B738BD201F3AE0AF00C44497 /* BubbleTea */,
			);
		};
/* End PBXProject section */

/* Begin PBXResourcesBuildPhase section */
		B738BD1F1F3AE0AF00C44497 /* Resources */ = {
			isa = PBXResourcesBuildPhase;
			buildActionMask = 2147483647;
			files = (
				B738BD2F1F3AE0AF00C44497 /* LaunchScreen.storyboard in Resources */,
				B738BD2C1F3AE0AF00C44497 /* Assets.xcassets in Resources */,
				B7A9A4371F3AE491009FDF60 /* seed.json in Resources */,
				B738BD2A1F3AE0AF00C44497 /* Main.storyboard in Resources */,
			);
			runOnlyForDeploymentPostprocessing = 0;
		};
/* End PBXResourcesBuildPhase section */

/* Begin PBXSourcesBuildPhase section */
		B738BD1D1F3AE0AF00C44497 /* Sources */ = {
			isa = PBXSourcesBuildPhase;
			buildActionMask = 2147483647;
			files = (
				B738BD3A1F3AE1C900C44497 /* BubbleTea.xcdatamodeld in Sources */,
				B738BD4F1F3AE37700C44497 /* Venue+CoreDataProperties.swift in Sources */,
				B738BD371F3AE0E800C44497 /* CoreDataStack.swift in Sources */,
				B738BD4A1F3AE37700C44497 /* PriceInfo+CoreDataClass.swift in Sources */,
				B738BD4D1F3AE37700C44497 /* Stats+CoreDataProperties.swift in Sources */,
				B738BD4C1F3AE37700C44497 /* Stats+CoreDataClass.swift in Sources */,
				B738BD481F3AE37700C44497 /* Category+CoreDataClass.swift in Sources */,
				B738BD471F3AE37700C44497 /* Location+CoreDataProperties.swift in Sources */,
				B738BD4E1F3AE37700C44497 /* Venue+CoreDataClass.swift in Sources */,
				B7A9A4391F3AF3DF009FDF60 /* FilterViewController.swift in Sources */,
				B738BD271F3AE0AF00C44497 /* ViewController.swift in Sources */,
				B738BD461F3AE37700C44497 /* Location+CoreDataClass.swift in Sources */,
				B738BD4B1F3AE37700C44497 /* PriceInfo+CoreDataProperties.swift in Sources */,
				B738BD251F3AE0AF00C44497 /* AppDelegate.swift in Sources */,
				B738BD491F3AE37700C44497 /* Category+CoreDataProperties.swift in Sources */,
			);
			runOnlyForDeploymentPostprocessing = 0;
		};
/* End PBXSourcesBuildPhase section */

/* Begin PBXVariantGroup section */
		B738BD281F3AE0AF00C44497 /* Main.storyboard */ = {
			isa = PBXVariantGroup;
			children = (
				B738BD291F3AE0AF00C44497 /* Base */,
			);
			name = Main.storyboard;
			sourceTree = "<group>";
		};
		B738BD2D1F3AE0AF00C44497 /* LaunchScreen.storyboard */ = {
			isa = PBXVariantGroup;
			children = (
				B738BD2E1F3AE0AF00C44497 /* Base */,
			);
			name = LaunchScreen.storyboard;
			sourceTree = "<group>";
		};
/* End PBXVariantGroup section */

/* Begin XCBuildConfiguration section */
		B738BD311F3AE0AF00C44497 /* Debug */ = {
			isa = XCBuildConfiguration;
			buildSettings = {
				ALWAYS_SEARCH_USER_PATHS = NO;
				CLANG_ANALYZER_NONNULL = YES;
				CLANG_ANALYZER_NUMBER_OBJECT_CONVERSION = YES_AGGRESSIVE;
				CLANG_CXX_LANGUAGE_STANDARD = "gnu++14";
				CLANG_CXX_LIBRARY = "libc++";
				CLANG_ENABLE_MODULES = YES;
				CLANG_ENABLE_OBJC_ARC = YES;
				CLANG_WARN_BLOCK_CAPTURE_AUTORELEASING = YES;
				CLANG_WARN_BOOL_CONVERSION = YES;
				CLANG_WARN_COMMA = YES;
				CLANG_WARN_CONSTANT_CONVERSION = YES;
				CLANG_WARN_DIRECT_OBJC_ISA_USAGE = YES_ERROR;
				CLANG_WARN_DOCUMENTATION_COMMENTS = YES;
				CLANG_WARN_EMPTY_BODY = YES;
				CLANG_WARN_ENUM_CONVERSION = YES;
				CLANG_WARN_INFINITE_RECURSION = YES;
				CLANG_WARN_INT_CONVERSION = YES;
				CLANG_WARN_NON_LITERAL_NULL_CONVERSION = YES;
				CLANG_WARN_OBJC_LITERAL_CONVERSION = YES;
				CLANG_WARN_OBJC_ROOT_CLASS = YES_ERROR;
				CLANG_WARN_RANGE_LOOP_ANALYSIS = YES;
				CLANG_WARN_STRICT_PROTOTYPES = YES;
				CLANG_WARN_SUSPICIOUS_MOVE = YES;
				CLANG_WARN_UNGUARDED_AVAILABILITY = YES_AGGRESSIVE;
				CLANG_WARN_UNREACHABLE_CODE = YES;
				CLANG_WARN__DUPLICATE_METHOD_MATCH = YES;
				CODE_SIGN_IDENTITY = "iPhone Developer";
				COPY_PHASE_STRIP = NO;
				DEBUG_INFORMATION_FORMAT = dwarf;
				ENABLE_STRICT_OBJC_MSGSEND = YES;
				ENABLE_TESTABILITY = YES;
				GCC_C_LANGUAGE_STANDARD = gnu11;
				GCC_DYNAMIC_NO_PIC = NO;
				GCC_NO_COMMON_BLOCKS = YES;
				GCC_OPTIMIZATION_LEVEL = 0;
				GCC_PREPROCESSOR_DEFINITIONS = (
					"DEBUG=1",
					"$(inherited)",
				);
				GCC_WARN_64_TO_32_BIT_CONVERSION = YES;
				GCC_WARN_ABOUT_RETURN_TYPE = YES_ERROR;
				GCC_WARN_UNDECLARED_SELECTOR = YES;
				GCC_WARN_UNINITIALIZED_AUTOS = YES_AGGRESSIVE;
				GCC_WARN_UNUSED_FUNCTION = YES;
				GCC_WARN_UNUSED_VARIABLE = YES;
				IPHONEOS_DEPLOYMENT_TARGET = 11.0;
				MTL_ENABLE_DEBUG_INFO = YES;
				ONLY_ACTIVE_ARCH = YES;
				SDKROOT = iphoneos;
				SWIFT_ACTIVE_COMPILATION_CONDITIONS = DEBUG;
				SWIFT_OPTIMIZATION_LEVEL = "-Onone";
			};
			name = Debug;
		};
		B738BD321F3AE0AF00C44497 /* Release */ = {
			isa = XCBuildConfiguration;
			buildSettings = {
				ALWAYS_SEARCH_USER_PATHS = NO;
				CLANG_ANALYZER_NONNULL = YES;
				CLANG_ANALYZER_NUMBER_OBJECT_CONVERSION = YES_AGGRESSIVE;
				CLANG_CXX_LANGUAGE_STANDARD = "gnu++14";
				CLANG_CXX_LIBRARY = "libc++";
				CLANG_ENABLE_MODULES = YES;
				CLANG_ENABLE_OBJC_ARC = YES;
				CLANG_WARN_BLOCK_CAPTURE_AUTORELEASING = YES;
				CLANG_WARN_BOOL_CONVERSION = YES;
				CLANG_WARN_COMMA = YES;
				CLANG_WARN_CONSTANT_CONVERSION = YES;
				CLANG_WARN_DIRECT_OBJC_ISA_USAGE = YES_ERROR;
				CLANG_WARN_DOCUMENTATION_COMMENTS = YES;
				CLANG_WARN_EMPTY_BODY = YES;
				CLANG_WARN_ENUM_CONVERSION = YES;
				CLANG_WARN_INFINITE_RECURSION = YES;
				CLANG_WARN_INT_CONVERSION = YES;
				CLANG_WARN_NON_LITERAL_NULL_CONVERSION = YES;
				CLANG_WARN_OBJC_LITERAL_CONVERSION = YES;
				CLANG_WARN_OBJC_ROOT_CLASS = YES_ERROR;
				CLANG_WARN_RANGE_LOOP_ANALYSIS = YES;
				CLANG_WARN_STRICT_PROTOTYPES = YES;
				CLANG_WARN_SUSPICIOUS_MOVE = YES;
				CLANG_WARN_UNGUARDED_AVAILABILITY = YES_AGGRESSIVE;
				CLANG_WARN_UNREACHABLE_CODE = YES;
				CLANG_WARN__DUPLICATE_METHOD_MATCH = YES;
				CODE_SIGN_IDENTITY = "iPhone Developer";
				COPY_PHASE_STRIP = NO;
				DEBUG_INFORMATION_FORMAT = "dwarf-with-dsym";
				ENABLE_NS_ASSERTIONS = NO;
				ENABLE_STRICT_OBJC_MSGSEND = YES;
				GCC_C_LANGUAGE_STANDARD = gnu11;
				GCC_NO_COMMON_BLOCKS = YES;
				GCC_WARN_64_TO_32_BIT_CONVERSION = YES;
				GCC_WARN_ABOUT_RETURN_TYPE = YES_ERROR;
				GCC_WARN_UNDECLARED_SELECTOR = YES;
				GCC_WARN_UNINITIALIZED_AUTOS = YES_AGGRESSIVE;
				GCC_WARN_UNUSED_FUNCTION = YES;
				GCC_WARN_UNUSED_VARIABLE = YES;
				IPHONEOS_DEPLOYMENT_TARGET = 11.0;
				MTL_ENABLE_DEBUG_INFO = NO;
				SDKROOT = iphoneos;
				SWIFT_OPTIMIZATION_LEVEL = "-Owholemodule";
				VALIDATE_PRODUCT = YES;
			};
			name = Release;
		};
		B738BD341F3AE0AF00C44497 /* Debug */ = {
			isa = XCBuildConfiguration;
			buildSettings = {
				ASSETCATALOG_COMPILER_APPICON_NAME = AppIcon;
				DEVELOPMENT_TEAM = X3563PB3YJ;
				INFOPLIST_FILE = BubbleTea/Info.plist;
				LD_RUNPATH_SEARCH_PATHS = "$(inherited) @executable_path/Frameworks";
				PRODUCT_BUNDLE_IDENTIFIER = giraffe.in.ua.BubbleTea;
				PRODUCT_NAME = "$(TARGET_NAME)";
				SWIFT_VERSION = 4.0;
				TARGETED_DEVICE_FAMILY = "1,2";
			};
			name = Debug;
		};
		B738BD351F3AE0AF00C44497 /* Release */ = {
			isa = XCBuildConfiguration;
			buildSettings = {
				ASSETCATALOG_COMPILER_APPICON_NAME = AppIcon;
				DEVELOPMENT_TEAM = X3563PB3YJ;
				INFOPLIST_FILE = BubbleTea/Info.plist;
				LD_RUNPATH_SEARCH_PATHS = "$(inherited) @executable_path/Frameworks";
				PRODUCT_BUNDLE_IDENTIFIER = giraffe.in.ua.BubbleTea;
				PRODUCT_NAME = "$(TARGET_NAME)";
				SWIFT_VERSION = 4.0;
				TARGETED_DEVICE_FAMILY = "1,2";
			};
			name = Release;
		};
/* End XCBuildConfiguration section */

/* Begin XCConfigurationList section */
		B738BD1C1F3AE0AE00C44497 /* Build configuration list for PBXProject "BubbleTea" */ = {
			isa = XCConfigurationList;
			buildConfigurations = (
				B738BD311F3AE0AF00C44497 /* Debug */,
				B738BD321F3AE0AF00C44497 /* Release */,
			);
			defaultConfigurationIsVisible = 0;
			defaultConfigurationName = Release;
		};
		B738BD331F3AE0AF00C44497 /* Build configuration list for PBXNativeTarget "BubbleTea" */ = {
			isa = XCConfigurationList;
			buildConfigurations = (
				B738BD341F3AE0AF00C44497 /* Debug */,
				B738BD351F3AE0AF00C44497 /* Release */,
			);
			defaultConfigurationIsVisible = 0;
			defaultConfigurationName = Release;
		};
/* End XCConfigurationList section */

/* Begin XCVersionGroup section */
		B738BD381F3AE1C900C44497 /* BubbleTea.xcdatamodeld */ = {
			isa = XCVersionGroup;
			children = (
				B738BD391F3AE1C900C44497 /* BubbleTea.xcdatamodel */,
			);
			currentVersion = B738BD391F3AE1C900C44497 /* BubbleTea.xcdatamodel */;
			path = BubbleTea.xcdatamodeld;
			sourceTree = "<group>";
			versionGroupType = wrapper.xcdatamodel;
		};
/* End XCVersionGroup section */
	};
	rootObject = B738BD191F3AE0AE00C44497 /* Project object */;
}
